// !$*UTF8*$!
{
	archiveVersion = 1;
	classes = {
	};
	objectVersion = 46;
	objects = {

/* Begin PBXBuildFile section */
		6DB994AE1D98C477000C239C /* MoreTableView.m in Sources */ = {isa = PBXBuildFile; fileRef = 6DB994AD1D98C477000C239C /* MoreTableView.m */; };
		6DB994B21D98CAC4000C239C /* MoreTableViewCell.m in Sources */ = {isa = PBXBuildFile; fileRef = 6DB994B01D98CAC4000C239C /* MoreTableViewCell.m */; };
		6DB994B31D98CAC4000C239C /* MoreTableViewCell.xib in Resources */ = {isa = PBXBuildFile; fileRef = 6DB994B11D98CAC4000C239C /* MoreTableViewCell.xib */; };
		6DB994BA1D9A10E6000C239C /* StyleManager.m in Sources */ = {isa = PBXBuildFile; fileRef = 6DB994B91D9A10E6000C239C /* StyleManager.m */; };
		6DB994BD1D9A1B3C000C239C /* DataBaseManager.m in Sources */ = {isa = PBXBuildFile; fileRef = 6DB994BC1D9A1B3C000C239C /* DataBaseManager.m */; };
		6DB994C51D9A68F3000C239C /* EventTextFiled.m in Sources */ = {isa = PBXBuildFile; fileRef = 6DB994C41D9A68F3000C239C /* EventTextFiled.m */; };
		6DB994D21D9A77BB000C239C /* AnniversaryModel+CoreDataProperties.m in Sources */ = {isa = PBXBuildFile; fileRef = 6DB994C71D9A77BB000C239C /* AnniversaryModel+CoreDataProperties.m */; };
		6DB994D31D9A77BB000C239C /* AnniversaryModel.m in Sources */ = {isa = PBXBuildFile; fileRef = 6DB994C91D9A77BB000C239C /* AnniversaryModel.m */; };
		6DB994D41D9A77BB000C239C /* EventEntity+CoreDataProperties.m in Sources */ = {isa = PBXBuildFile; fileRef = 6DB994CB1D9A77BB000C239C /* EventEntity+CoreDataProperties.m */; };
		6DB994D51D9A77BB000C239C /* EventEntity.m in Sources */ = {isa = PBXBuildFile; fileRef = 6DB994CD1D9A77BB000C239C /* EventEntity.m */; };
		6DB994D61D9A77BB000C239C /* CountDownModel+CoreDataProperties.m in Sources */ = {isa = PBXBuildFile; fileRef = 6DB994CF1D9A77BB000C239C /* CountDownModel+CoreDataProperties.m */; };
		6DB994D71D9A77BB000C239C /* CountDownModel.m in Sources */ = {isa = PBXBuildFile; fileRef = 6DB994D11D9A77BB000C239C /* CountDownModel.m */; };
		FF844BFE1D98250F00D37AAB /* TypeViewController.m in Sources */ = {isa = PBXBuildFile; fileRef = FF844BFD1D98250F00D37AAB /* TypeViewController.m */; };
		FFCC2B491D96C32B00519E14 /* main.m in Sources */ = {isa = PBXBuildFile; fileRef = FFCC2B481D96C32B00519E14 /* main.m */; };
		FFCC2B4C1D96C32B00519E14 /* AppDelegate.m in Sources */ = {isa = PBXBuildFile; fileRef = FFCC2B4B1D96C32B00519E14 /* AppDelegate.m */; };
		FFCC2B4F1D96C32B00519E14 /* ViewController.m in Sources */ = {isa = PBXBuildFile; fileRef = FFCC2B4E1D96C32B00519E14 /* ViewController.m */; };
		FFCC2B521D96C32B00519E14 /* Main.storyboard in Resources */ = {isa = PBXBuildFile; fileRef = FFCC2B501D96C32B00519E14 /* Main.storyboard */; };
		FFCC2B551D96C32C00519E14 /* Loading.xcdatamodeld in Sources */ = {isa = PBXBuildFile; fileRef = FFCC2B531D96C32C00519E14 /* Loading.xcdatamodeld */; };
		FFCC2B571D96C32C00519E14 /* Assets.xcassets in Resources */ = {isa = PBXBuildFile; fileRef = FFCC2B561D96C32C00519E14 /* Assets.xcassets */; };
		FFCC2B5A1D96C32C00519E14 /* LaunchScreen.storyboard in Resources */ = {isa = PBXBuildFile; fileRef = FFCC2B581D96C32C00519E14 /* LaunchScreen.storyboard */; };
		FFCC2B651D96C32C00519E14 /* LoadingTests.m in Sources */ = {isa = PBXBuildFile; fileRef = FFCC2B641D96C32C00519E14 /* LoadingTests.m */; };
		FFCC2B701D96C32C00519E14 /* LoadingUITests.m in Sources */ = {isa = PBXBuildFile; fileRef = FFCC2B6F1D96C32C00519E14 /* LoadingUITests.m */; };
		FFCC2B7F1D96C34200519E14 /* HomeViewController.m in Sources */ = {isa = PBXBuildFile; fileRef = FFCC2B7E1D96C34200519E14 /* HomeViewController.m */; };
		FFCC2B821D96C6FE00519E14 /* LBWNavigationController.m in Sources */ = {isa = PBXBuildFile; fileRef = FFCC2B811D96C6FE00519E14 /* LBWNavigationController.m */; };
		FFCC2B861D96CE0600519E14 /* DateTableViewCell.m in Sources */ = {isa = PBXBuildFile; fileRef = FFCC2B841D96CE0600519E14 /* DateTableViewCell.m */; };
		FFCC2B871D96CE0600519E14 /* DateTableViewCell.xib in Resources */ = {isa = PBXBuildFile; fileRef = FFCC2B851D96CE0600519E14 /* DateTableViewCell.xib */; };
/* End PBXBuildFile section */

/* Begin PBXContainerItemProxy section */
		FFCC2B611D96C32C00519E14 /* PBXContainerItemProxy */ = {
			isa = PBXContainerItemProxy;
			containerPortal = FFCC2B3C1D96C32B00519E14 /* Project object */;
			proxyType = 1;
			remoteGlobalIDString = FFCC2B431D96C32B00519E14;
			remoteInfo = Loading;
		};
		FFCC2B6C1D96C32C00519E14 /* PBXContainerItemProxy */ = {
			isa = PBXContainerItemProxy;
			containerPortal = FFCC2B3C1D96C32B00519E14 /* Project object */;
			proxyType = 1;
			remoteGlobalIDString = FFCC2B431D96C32B00519E14;
			remoteInfo = Loading;
		};
/* End PBXContainerItemProxy section */

/* Begin PBXFileReference section */
		6DB994AC1D98C477000C239C /* MoreTableView.h */ = {isa = PBXFileReference; fileEncoding = 4; lastKnownFileType = sourcecode.c.h; path = MoreTableView.h; sourceTree = "<group>"; };
		6DB994AD1D98C477000C239C /* MoreTableView.m */ = {isa = PBXFileReference; fileEncoding = 4; lastKnownFileType = sourcecode.c.objc; path = MoreTableView.m; sourceTree = "<group>"; };
		6DB994AF1D98CAC4000C239C /* MoreTableViewCell.h */ = {isa = PBXFileReference; fileEncoding = 4; lastKnownFileType = sourcecode.c.h; path = MoreTableViewCell.h; sourceTree = "<group>"; };
		6DB994B01D98CAC4000C239C /* MoreTableViewCell.m */ = {isa = PBXFileReference; fileEncoding = 4; lastKnownFileType = sourcecode.c.objc; path = MoreTableViewCell.m; sourceTree = "<group>"; };
		6DB994B11D98CAC4000C239C /* MoreTableViewCell.xib */ = {isa = PBXFileReference; fileEncoding = 4; lastKnownFileType = file.xib; path = MoreTableViewCell.xib; sourceTree = "<group>"; };
		6DB994B81D9A10E6000C239C /* StyleManager.h */ = {isa = PBXFileReference; fileEncoding = 4; lastKnownFileType = sourcecode.c.h; path = StyleManager.h; sourceTree = "<group>"; };
		6DB994B91D9A10E6000C239C /* StyleManager.m */ = {isa = PBXFileReference; fileEncoding = 4; lastKnownFileType = sourcecode.c.objc; path = StyleManager.m; sourceTree = "<group>"; };
		6DB994BB1D9A1B3C000C239C /* DataBaseManager.h */ = {isa = PBXFileReference; fileEncoding = 4; lastKnownFileType = sourcecode.c.h; path = DataBaseManager.h; sourceTree = "<group>"; };
		6DB994BC1D9A1B3C000C239C /* DataBaseManager.m */ = {isa = PBXFileReference; fileEncoding = 4; lastKnownFileType = sourcecode.c.objc; path = DataBaseManager.m; sourceTree = "<group>"; };
		6DB994C11D9A3D13000C239C /* LBWPrefixHeader.pch */ = {isa = PBXFileReference; fileEncoding = 4; lastKnownFileType = sourcecode.c.h; name = LBWPrefixHeader.pch; path = ../LBWPrefixHeader.pch; sourceTree = "<group>"; };
		6DB994C31D9A68F3000C239C /* EventTextFiled.h */ = {isa = PBXFileReference; fileEncoding = 4; lastKnownFileType = sourcecode.c.h; path = EventTextFiled.h; sourceTree = "<group>"; };
		6DB994C41D9A68F3000C239C /* EventTextFiled.m */ = {isa = PBXFileReference; fileEncoding = 4; lastKnownFileType = sourcecode.c.objc; path = EventTextFiled.m; sourceTree = "<group>"; };
		6DB994C61D9A77BB000C239C /* AnniversaryModel+CoreDataProperties.h */ = {isa = PBXFileReference; fileEncoding = 4; lastKnownFileType = sourcecode.c.h; path = "AnniversaryModel+CoreDataProperties.h"; sourceTree = "<group>"; };
		6DB994C71D9A77BB000C239C /* AnniversaryModel+CoreDataProperties.m */ = {isa = PBXFileReference; fileEncoding = 4; lastKnownFileType = sourcecode.c.objc; path = "AnniversaryModel+CoreDataProperties.m"; sourceTree = "<group>"; };
		6DB994C81D9A77BB000C239C /* AnniversaryModel.h */ = {isa = PBXFileReference; fileEncoding = 4; lastKnownFileType = sourcecode.c.h; path = AnniversaryModel.h; sourceTree = "<group>"; };
		6DB994C91D9A77BB000C239C /* AnniversaryModel.m */ = {isa = PBXFileReference; fileEncoding = 4; lastKnownFileType = sourcecode.c.objc; path = AnniversaryModel.m; sourceTree = "<group>"; };
		6DB994CA1D9A77BB000C239C /* EventEntity+CoreDataProperties.h */ = {isa = PBXFileReference; fileEncoding = 4; lastKnownFileType = sourcecode.c.h; path = "EventEntity+CoreDataProperties.h"; sourceTree = "<group>"; };
		6DB994CB1D9A77BB000C239C /* EventEntity+CoreDataProperties.m */ = {isa = PBXFileReference; fileEncoding = 4; lastKnownFileType = sourcecode.c.objc; path = "EventEntity+CoreDataProperties.m"; sourceTree = "<group>"; };
		6DB994CC1D9A77BB000C239C /* EventEntity.h */ = {isa = PBXFileReference; fileEncoding = 4; lastKnownFileType = sourcecode.c.h; path = EventEntity.h; sourceTree = "<group>"; };
		6DB994CD1D9A77BB000C239C /* EventEntity.m */ = {isa = PBXFileReference; fileEncoding = 4; lastKnownFileType = sourcecode.c.objc; path = EventEntity.m; sourceTree = "<group>"; };
		6DB994CE1D9A77BB000C239C /* CountDownModel+CoreDataProperties.h */ = {isa = PBXFileReference; fileEncoding = 4; lastKnownFileType = sourcecode.c.h; path = "CountDownModel+CoreDataProperties.h"; sourceTree = "<group>"; };
		6DB994CF1D9A77BB000C239C /* CountDownModel+CoreDataProperties.m */ = {isa = PBXFileReference; fileEncoding = 4; lastKnownFileType = sourcecode.c.objc; path = "CountDownModel+CoreDataProperties.m"; sourceTree = "<group>"; };
		6DB994D01D9A77BB000C239C /* CountDownModel.h */ = {isa = PBXFileReference; fileEncoding = 4; lastKnownFileType = sourcecode.c.h; path = CountDownModel.h; sourceTree = "<group>"; };
		6DB994D11D9A77BB000C239C /* CountDownModel.m */ = {isa = PBXFileReference; fileEncoding = 4; lastKnownFileType = sourcecode.c.objc; path = CountDownModel.m; sourceTree = "<group>"; };
		FF844BFC1D98250F00D37AAB /* TypeViewController.h */ = {isa = PBXFileReference; fileEncoding = 4; lastKnownFileType = sourcecode.c.h; path = TypeViewController.h; sourceTree = "<group>"; };
		FF844BFD1D98250F00D37AAB /* TypeViewController.m */ = {isa = PBXFileReference; fileEncoding = 4; lastKnownFileType = sourcecode.c.objc; path = TypeViewController.m; sourceTree = "<group>"; };
		FFCC2B441D96C32B00519E14 /* Loading.app */ = {isa = PBXFileReference; explicitFileType = wrapper.application; includeInIndex = 0; path = Loading.app; sourceTree = BUILT_PRODUCTS_DIR; };
		FFCC2B481D96C32B00519E14 /* main.m */ = {isa = PBXFileReference; lastKnownFileType = sourcecode.c.objc; path = main.m; sourceTree = "<group>"; };
		FFCC2B4A1D96C32B00519E14 /* AppDelegate.h */ = {isa = PBXFileReference; lastKnownFileType = sourcecode.c.h; path = AppDelegate.h; sourceTree = "<group>"; };
		FFCC2B4B1D96C32B00519E14 /* AppDelegate.m */ = {isa = PBXFileReference; lastKnownFileType = sourcecode.c.objc; path = AppDelegate.m; sourceTree = "<group>"; };
		FFCC2B4D1D96C32B00519E14 /* ViewController.h */ = {isa = PBXFileReference; lastKnownFileType = sourcecode.c.h; path = ViewController.h; sourceTree = "<group>"; };
		FFCC2B4E1D96C32B00519E14 /* ViewController.m */ = {isa = PBXFileReference; lastKnownFileType = sourcecode.c.objc; path = ViewController.m; sourceTree = "<group>"; };
		FFCC2B511D96C32B00519E14 /* Base */ = {isa = PBXFileReference; lastKnownFileType = file.storyboard; name = Base; path = Base.lproj/Main.storyboard; sourceTree = "<group>"; };
		FFCC2B541D96C32C00519E14 /* Loading.xcdatamodel */ = {isa = PBXFileReference; lastKnownFileType = wrapper.xcdatamodel; path = Loading.xcdatamodel; sourceTree = "<group>"; };
		FFCC2B561D96C32C00519E14 /* Assets.xcassets */ = {isa = PBXFileReference; lastKnownFileType = folder.assetcatalog; path = Assets.xcassets; sourceTree = "<group>"; };
		FFCC2B591D96C32C00519E14 /* Base */ = {isa = PBXFileReference; lastKnownFileType = file.storyboard; name = Base; path = Base.lproj/LaunchScreen.storyboard; sourceTree = "<group>"; };
		FFCC2B5B1D96C32C00519E14 /* Info.plist */ = {isa = PBXFileReference; lastKnownFileType = text.plist.xml; path = Info.plist; sourceTree = "<group>"; };
		FFCC2B601D96C32C00519E14 /* LoadingTests.xctest */ = {isa = PBXFileReference; explicitFileType = wrapper.cfbundle; includeInIndex = 0; path = LoadingTests.xctest; sourceTree = BUILT_PRODUCTS_DIR; };
		FFCC2B641D96C32C00519E14 /* LoadingTests.m */ = {isa = PBXFileReference; lastKnownFileType = sourcecode.c.objc; path = LoadingTests.m; sourceTree = "<group>"; };
		FFCC2B661D96C32C00519E14 /* Info.plist */ = {isa = PBXFileReference; lastKnownFileType = text.plist.xml; path = Info.plist; sourceTree = "<group>"; };
		FFCC2B6B1D96C32C00519E14 /* LoadingUITests.xctest */ = {isa = PBXFileReference; explicitFileType = wrapper.cfbundle; includeInIndex = 0; path = LoadingUITests.xctest; sourceTree = BUILT_PRODUCTS_DIR; };
		FFCC2B6F1D96C32C00519E14 /* LoadingUITests.m */ = {isa = PBXFileReference; lastKnownFileType = sourcecode.c.objc; path = LoadingUITests.m; sourceTree = "<group>"; };
		FFCC2B711D96C32C00519E14 /* Info.plist */ = {isa = PBXFileReference; lastKnownFileType = text.plist.xml; path = Info.plist; sourceTree = "<group>"; };
		FFCC2B7D1D96C34200519E14 /* HomeViewController.h */ = {isa = PBXFileReference; fileEncoding = 4; lastKnownFileType = sourcecode.c.h; path = HomeViewController.h; sourceTree = "<group>"; };
		FFCC2B7E1D96C34200519E14 /* HomeViewController.m */ = {isa = PBXFileReference; fileEncoding = 4; lastKnownFileType = sourcecode.c.objc; path = HomeViewController.m; sourceTree = "<group>"; };
		FFCC2B801D96C6FE00519E14 /* LBWNavigationController.h */ = {isa = PBXFileReference; fileEncoding = 4; lastKnownFileType = sourcecode.c.h; path = LBWNavigationController.h; sourceTree = "<group>"; };
		FFCC2B811D96C6FE00519E14 /* LBWNavigationController.m */ = {isa = PBXFileReference; fileEncoding = 4; lastKnownFileType = sourcecode.c.objc; path = LBWNavigationController.m; sourceTree = "<group>"; };
		FFCC2B831D96CE0600519E14 /* DateTableViewCell.h */ = {isa = PBXFileReference; fileEncoding = 4; lastKnownFileType = sourcecode.c.h; path = DateTableViewCell.h; sourceTree = "<group>"; };
		FFCC2B841D96CE0600519E14 /* DateTableViewCell.m */ = {isa = PBXFileReference; fileEncoding = 4; lastKnownFileType = sourcecode.c.objc; path = DateTableViewCell.m; sourceTree = "<group>"; };
		FFCC2B851D96CE0600519E14 /* DateTableViewCell.xib */ = {isa = PBXFileReference; fileEncoding = 4; lastKnownFileType = file.xib; path = DateTableViewCell.xib; sourceTree = "<group>"; };
/* End PBXFileReference section */

/* Begin PBXFrameworksBuildPhase section */
		FFCC2B411D96C32B00519E14 /* Frameworks */ = {
			isa = PBXFrameworksBuildPhase;
			buildActionMask = 2147483647;
			files = (
			);
			runOnlyForDeploymentPostprocessing = 0;
		};
		FFCC2B5D1D96C32C00519E14 /* Frameworks */ = {
			isa = PBXFrameworksBuildPhase;
			buildActionMask = 2147483647;
			files = (
			);
			runOnlyForDeploymentPostprocessing = 0;
		};
		FFCC2B681D96C32C00519E14 /* Frameworks */ = {
			isa = PBXFrameworksBuildPhase;
			buildActionMask = 2147483647;
			files = (
			);
			runOnlyForDeploymentPostprocessing = 0;
		};
/* End PBXFrameworksBuildPhase section */

/* Begin PBXGroup section */
		6DB994C21D9A6621000C239C /* View */ = {
			isa = PBXGroup;
			children = (
				6DB994C31D9A68F3000C239C /* EventTextFiled.h */,
				6DB994C41D9A68F3000C239C /* EventTextFiled.m */,
			);
			name = View;
			sourceTree = "<group>";
		};
		FF844BFA1D9824A600D37AAB /* Add */ = {
			isa = PBXGroup;
			children = (
				6DB994C21D9A6621000C239C /* View */,
				FF844BFB1D9824B600D37AAB /* Controller */,
			);
			name = Add;
			sourceTree = "<group>";
		};
		FF844BFB1D9824B600D37AAB /* Controller */ = {
			isa = PBXGroup;
			children = (
				FF844BFC1D98250F00D37AAB /* TypeViewController.h */,
				FF844BFD1D98250F00D37AAB /* TypeViewController.m */,
			);
			name = Controller;
			sourceTree = "<group>";
		};
		FFCC2B3B1D96C32B00519E14 = {
			isa = PBXGroup;
			children = (
				FFCC2B461D96C32B00519E14 /* Loading */,
				FFCC2B631D96C32C00519E14 /* LoadingTests */,
				FFCC2B6E1D96C32C00519E14 /* LoadingUITests */,
				FFCC2B451D96C32B00519E14 /* Products */,
			);
			sourceTree = "<group>";
		};
		FFCC2B451D96C32B00519E14 /* Products */ = {
			isa = PBXGroup;
			children = (
				FFCC2B441D96C32B00519E14 /* Loading.app */,
				FFCC2B601D96C32C00519E14 /* LoadingTests.xctest */,
				FFCC2B6B1D96C32C00519E14 /* LoadingUITests.xctest */,
			);
			name = Products;
			sourceTree = "<group>";
		};
		FFCC2B461D96C32B00519E14 /* Loading */ = {
			isa = PBXGroup;
			children = (
				6DB994C11D9A3D13000C239C /* LBWPrefixHeader.pch */,
				FFCC2B4A1D96C32B00519E14 /* AppDelegate.h */,
				FFCC2B4B1D96C32B00519E14 /* AppDelegate.m */,
				FFCC2B4D1D96C32B00519E14 /* ViewController.h */,
				FFCC2B4E1D96C32B00519E14 /* ViewController.m */,
				6DB994B81D9A10E6000C239C /* StyleManager.h */,
				6DB994B91D9A10E6000C239C /* StyleManager.m */,
				6DB994BB1D9A1B3C000C239C /* DataBaseManager.h */,
				6DB994BC1D9A1B3C000C239C /* DataBaseManager.m */,
				FF844BFA1D9824A600D37AAB /* Add */,
				FFCC2B881D96CE1B00519E14 /* Home */,
				FFCC2B801D96C6FE00519E14 /* LBWNavigationController.h */,
				FFCC2B811D96C6FE00519E14 /* LBWNavigationController.m */,
				FFCC2B501D96C32B00519E14 /* Main.storyboard */,
				FFCC2B561D96C32C00519E14 /* Assets.xcassets */,
				FFCC2B581D96C32C00519E14 /* LaunchScreen.storyboard */,
				FFCC2B5B1D96C32C00519E14 /* Info.plist */,
				FFCC2B531D96C32C00519E14 /* Loading.xcdatamodeld */,
				6DB994C61D9A77BB000C239C /* AnniversaryModel+CoreDataProperties.h */,
				6DB994C71D9A77BB000C239C /* AnniversaryModel+CoreDataProperties.m */,
				6DB994C81D9A77BB000C239C /* AnniversaryModel.h */,
				6DB994C91D9A77BB000C239C /* AnniversaryModel.m */,
				6DB994CA1D9A77BB000C239C /* EventEntity+CoreDataProperties.h */,
				6DB994CB1D9A77BB000C239C /* EventEntity+CoreDataProperties.m */,
				6DB994CC1D9A77BB000C239C /* EventEntity.h */,
				6DB994CD1D9A77BB000C239C /* EventEntity.m */,
				6DB994CE1D9A77BB000C239C /* CountDownModel+CoreDataProperties.h */,
				6DB994CF1D9A77BB000C239C /* CountDownModel+CoreDataProperties.m */,
				6DB994D01D9A77BB000C239C /* CountDownModel.h */,
				6DB994D11D9A77BB000C239C /* CountDownModel.m */,
				FFCC2B471D96C32B00519E14 /* Supporting Files */,
			);
			path = Loading;
			sourceTree = "<group>";
		};
		FFCC2B471D96C32B00519E14 /* Supporting Files */ = {
			isa = PBXGroup;
			children = (
				FFCC2B481D96C32B00519E14 /* main.m */,
			);
			name = "Supporting Files";
			sourceTree = "<group>";
		};
		FFCC2B631D96C32C00519E14 /* LoadingTests */ = {
			isa = PBXGroup;
			children = (
				FFCC2B641D96C32C00519E14 /* LoadingTests.m */,
				FFCC2B661D96C32C00519E14 /* Info.plist */,
			);
			path = LoadingTests;
			sourceTree = "<group>";
		};
		FFCC2B6E1D96C32C00519E14 /* LoadingUITests */ = {
			isa = PBXGroup;
			children = (
				FFCC2B6F1D96C32C00519E14 /* LoadingUITests.m */,
				FFCC2B711D96C32C00519E14 /* Info.plist */,
			);
			path = LoadingUITests;
			sourceTree = "<group>";
		};
		FFCC2B881D96CE1B00519E14 /* Home */ = {
			isa = PBXGroup;
			children = (
				FFCC2B8A1D96CE4E00519E14 /* View */,
				FFCC2B891D96CE1F00519E14 /* Controller */,
			);
			name = Home;
			sourceTree = "<group>";
		};
		FFCC2B891D96CE1F00519E14 /* Controller */ = {
			isa = PBXGroup;
			children = (
				FFCC2B7D1D96C34200519E14 /* HomeViewController.h */,
				FFCC2B7E1D96C34200519E14 /* HomeViewController.m */,
			);
			name = Controller;
			sourceTree = "<group>";
		};
		FFCC2B8A1D96CE4E00519E14 /* View */ = {
			isa = PBXGroup;
			children = (
				FFCC2B831D96CE0600519E14 /* DateTableViewCell.h */,
				FFCC2B841D96CE0600519E14 /* DateTableViewCell.m */,
				FFCC2B851D96CE0600519E14 /* DateTableViewCell.xib */,
				6DB994AC1D98C477000C239C /* MoreTableView.h */,
				6DB994AD1D98C477000C239C /* MoreTableView.m */,
				6DB994AF1D98CAC4000C239C /* MoreTableViewCell.h */,
				6DB994B01D98CAC4000C239C /* MoreTableViewCell.m */,
				6DB994B11D98CAC4000C239C /* MoreTableViewCell.xib */,
			);
			name = View;
			sourceTree = "<group>";
		};
/* End PBXGroup section */

/* Begin PBXNativeTarget section */
		FFCC2B431D96C32B00519E14 /* Loading */ = {
			isa = PBXNativeTarget;
			buildConfigurationList = FFCC2B741D96C32C00519E14 /* Build configuration list for PBXNativeTarget "Loading" */;
			buildPhases = (
				FFCC2B401D96C32B00519E14 /* Sources */,
				FFCC2B411D96C32B00519E14 /* Frameworks */,
				FFCC2B421D96C32B00519E14 /* Resources */,
			);
			buildRules = (
			);
			dependencies = (
			);
			name = Loading;
			productName = Loading;
			productReference = FFCC2B441D96C32B00519E14 /* Loading.app */;
			productType = "com.apple.product-type.application";
		};
		FFCC2B5F1D96C32C00519E14 /* LoadingTests */ = {
			isa = PBXNativeTarget;
			buildConfigurationList = FFCC2B771D96C32C00519E14 /* Build configuration list for PBXNativeTarget "LoadingTests" */;
			buildPhases = (
				FFCC2B5C1D96C32C00519E14 /* Sources */,
				FFCC2B5D1D96C32C00519E14 /* Frameworks */,
				FFCC2B5E1D96C32C00519E14 /* Resources */,
			);
			buildRules = (
			);
			dependencies = (
				FFCC2B621D96C32C00519E14 /* PBXTargetDependency */,
			);
			name = LoadingTests;
			productName = LoadingTests;
			productReference = FFCC2B601D96C32C00519E14 /* LoadingTests.xctest */;
			productType = "com.apple.product-type.bundle.unit-test";
		};
		FFCC2B6A1D96C32C00519E14 /* LoadingUITests */ = {
			isa = PBXNativeTarget;
			buildConfigurationList = FFCC2B7A1D96C32C00519E14 /* Build configuration list for PBXNativeTarget "LoadingUITests" */;
			buildPhases = (
				FFCC2B671D96C32C00519E14 /* Sources */,
				FFCC2B681D96C32C00519E14 /* Frameworks */,
				FFCC2B691D96C32C00519E14 /* Resources */,
			);
			buildRules = (
			);
			dependencies = (
				FFCC2B6D1D96C32C00519E14 /* PBXTargetDependency */,
			);
			name = LoadingUITests;
			productName = LoadingUITests;
			productReference = FFCC2B6B1D96C32C00519E14 /* LoadingUITests.xctest */;
			productType = "com.apple.product-type.bundle.ui-testing";
		};
/* End PBXNativeTarget section */

/* Begin PBXProject section */
		FFCC2B3C1D96C32B00519E14 /* Project object */ = {
			isa = PBXProject;
			attributes = {
				LastUpgradeCheck = 0730;
				ORGANIZATIONNAME = "李博文";
				TargetAttributes = {
					FFCC2B431D96C32B00519E14 = {
						CreatedOnToolsVersion = 7.3.1;
					};
					FFCC2B5F1D96C32C00519E14 = {
						CreatedOnToolsVersion = 7.3.1;
						TestTargetID = FFCC2B431D96C32B00519E14;
					};
					FFCC2B6A1D96C32C00519E14 = {
						CreatedOnToolsVersion = 7.3.1;
						TestTargetID = FFCC2B431D96C32B00519E14;
					};
				};
			};
			buildConfigurationList = FFCC2B3F1D96C32B00519E14 /* Build configuration list for PBXProject "Loading" */;
			compatibilityVersion = "Xcode 3.2";
			developmentRegion = English;
			hasScannedForEncodings = 0;
			knownRegions = (
				en,
				Base,
			);
			mainGroup = FFCC2B3B1D96C32B00519E14;
			productRefGroup = FFCC2B451D96C32B00519E14 /* Products */;
			projectDirPath = "";
			projectRoot = "";
			targets = (
				FFCC2B431D96C32B00519E14 /* Loading */,
				FFCC2B5F1D96C32C00519E14 /* LoadingTests */,
				FFCC2B6A1D96C32C00519E14 /* LoadingUITests */,
			);
		};
/* End PBXProject section */

/* Begin PBXResourcesBuildPhase section */
		FFCC2B421D96C32B00519E14 /* Resources */ = {
			isa = PBXResourcesBuildPhase;
			buildActionMask = 2147483647;
			files = (
				FFCC2B5A1D96C32C00519E14 /* LaunchScreen.storyboard in Resources */,
				6DB994B31D98CAC4000C239C /* MoreTableViewCell.xib in Resources */,
				FFCC2B571D96C32C00519E14 /* Assets.xcassets in Resources */,
				FFCC2B521D96C32B00519E14 /* Main.storyboard in Resources */,
				FFCC2B871D96CE0600519E14 /* DateTableViewCell.xib in Resources */,
			);
			runOnlyForDeploymentPostprocessing = 0;
		};
		FFCC2B5E1D96C32C00519E14 /* Resources */ = {
			isa = PBXResourcesBuildPhase;
			buildActionMask = 2147483647;
			files = (
			);
			runOnlyForDeploymentPostprocessing = 0;
		};
		FFCC2B691D96C32C00519E14 /* Resources */ = {
			isa = PBXResourcesBuildPhase;
			buildActionMask = 2147483647;
			files = (
			);
			runOnlyForDeploymentPostprocessing = 0;
		};
/* End PBXResourcesBuildPhase section */

/* Begin PBXSourcesBuildPhase section */
		FFCC2B401D96C32B00519E14 /* Sources */ = {
			isa = PBXSourcesBuildPhase;
			buildActionMask = 2147483647;
			files = (
				6DB994AE1D98C477000C239C /* MoreTableView.m in Sources */,
				FF844BFE1D98250F00D37AAB /* TypeViewController.m in Sources */,
				6DB994D51D9A77BB000C239C /* EventEntity.m in Sources */,
				6DB994B21D98CAC4000C239C /* MoreTableViewCell.m in Sources */,
				FFCC2B4F1D96C32B00519E14 /* ViewController.m in Sources */,
				FFCC2B821D96C6FE00519E14 /* LBWNavigationController.m in Sources */,
				FFCC2B4C1D96C32B00519E14 /* AppDelegate.m in Sources */,
				6DB994D61D9A77BB000C239C /* CountDownModel+CoreDataProperties.m in Sources */,
				6DB994D71D9A77BB000C239C /* CountDownModel.m in Sources */,
				FFCC2B551D96C32C00519E14 /* Loading.xcdatamodeld in Sources */,
				6DB994C51D9A68F3000C239C /* EventTextFiled.m in Sources */,
				6DB994D21D9A77BB000C239C /* AnniversaryModel+CoreDataProperties.m in Sources */,
				6DB994D31D9A77BB000C239C /* AnniversaryModel.m in Sources */,
				6DB994D41D9A77BB000C239C /* EventEntity+CoreDataProperties.m in Sources */,
				FFCC2B7F1D96C34200519E14 /* HomeViewController.m in Sources */,
				6DB994BD1D9A1B3C000C239C /* DataBaseManager.m in Sources */,
				FFCC2B491D96C32B00519E14 /* main.m in Sources */,
				FFCC2B861D96CE0600519E14 /* DateTableViewCell.m in Sources */,
				6DB994BA1D9A10E6000C239C /* StyleManager.m in Sources */,
			);
			runOnlyForDeploymentPostprocessing = 0;
		};
		FFCC2B5C1D96C32C00519E14 /* Sources */ = {
			isa = PBXSourcesBuildPhase;
			buildActionMask = 2147483647;
			files = (
				FFCC2B651D96C32C00519E14 /* LoadingTests.m in Sources */,
			);
			runOnlyForDeploymentPostprocessing = 0;
		};
		FFCC2B671D96C32C00519E14 /* Sources */ = {
			isa = PBXSourcesBuildPhase;
			buildActionMask = 2147483647;
			files = (
				FFCC2B701D96C32C00519E14 /* LoadingUITests.m in Sources */,
			);
			runOnlyForDeploymentPostprocessing = 0;
		};
/* End PBXSourcesBuildPhase section */

/* Begin PBXTargetDependency section */
		FFCC2B621D96C32C00519E14 /* PBXTargetDependency */ = {
			isa = PBXTargetDependency;
			target = FFCC2B431D96C32B00519E14 /* Loading */;
			targetProxy = FFCC2B611D96C32C00519E14 /* PBXContainerItemProxy */;
		};
		FFCC2B6D1D96C32C00519E14 /* PBXTargetDependency */ = {
			isa = PBXTargetDependency;
			target = FFCC2B431D96C32B00519E14 /* Loading */;
			targetProxy = FFCC2B6C1D96C32C00519E14 /* PBXContainerItemProxy */;
		};
/* End PBXTargetDependency section */

/* Begin PBXVariantGroup section */
		FFCC2B501D96C32B00519E14 /* Main.storyboard */ = {
			isa = PBXVariantGroup;
			children = (
				FFCC2B511D96C32B00519E14 /* Base */,
			);
			name = Main.storyboard;
			sourceTree = "<group>";
		};
		FFCC2B581D96C32C00519E14 /* LaunchScreen.storyboard */ = {
			isa = PBXVariantGroup;
			children = (
				FFCC2B591D96C32C00519E14 /* Base */,
			);
			name = LaunchScreen.storyboard;
			sourceTree = "<group>";
		};
/* End PBXVariantGroup section */

/* Begin XCBuildConfiguration section */
		FFCC2B721D96C32C00519E14 /* Debug */ = {
			isa = XCBuildConfiguration;
			buildSettings = {
				ALWAYS_SEARCH_USER_PATHS = NO;
				CLANG_ANALYZER_NONNULL = YES;
				CLANG_CXX_LANGUAGE_STANDARD = "gnu++0x";
				CLANG_CXX_LIBRARY = "libc++";
				CLANG_ENABLE_MODULES = YES;
				CLANG_ENABLE_OBJC_ARC = YES;
				CLANG_WARN_BOOL_CONVERSION = YES;
				CLANG_WARN_CONSTANT_CONVERSION = YES;
				CLANG_WARN_DIRECT_OBJC_ISA_USAGE = YES_ERROR;
				CLANG_WARN_EMPTY_BODY = YES;
				CLANG_WARN_ENUM_CONVERSION = YES;
				CLANG_WARN_INT_CONVERSION = YES;
				CLANG_WARN_OBJC_ROOT_CLASS = YES_ERROR;
				CLANG_WARN_UNREACHABLE_CODE = YES;
				CLANG_WARN__DUPLICATE_METHOD_MATCH = YES;
				"CODE_SIGN_IDENTITY[sdk=iphoneos*]" = "iPhone Developer";
				COPY_PHASE_STRIP = NO;
				DEBUG_INFORMATION_FORMAT = dwarf;
				ENABLE_STRICT_OBJC_MSGSEND = YES;
				ENABLE_TESTABILITY = YES;
				GCC_C_LANGUAGE_STANDARD = gnu99;
				GCC_DYNAMIC_NO_PIC = NO;
				GCC_NO_COMMON_BLOCKS = YES;
				GCC_OPTIMIZATION_LEVEL = 0;
				GCC_PREFIX_HEADER = /Users/ml/Loading/LBWPrefixHeader.pch;
				GCC_PREPROCESSOR_DEFINITIONS = (
					"DEBUG=1",
					"$(inherited)",
				);
				GCC_WARN_64_TO_32_BIT_CONVERSION = YES;
				GCC_WARN_ABOUT_RETURN_TYPE = YES_ERROR;
				GCC_WARN_UNDECLARED_SELECTOR = YES;
				GCC_WARN_UNINITIALIZED_AUTOS = YES_AGGRESSIVE;
				GCC_WARN_UNUSED_FUNCTION = YES;
				GCC_WARN_UNUSED_VARIABLE = YES;
				IPHONEOS_DEPLOYMENT_TARGET = 9.3;
				MTL_ENABLE_DEBUG_INFO = YES;
				ONLY_ACTIVE_ARCH = YES;
				SDKROOT = iphoneos;
				TARGETED_DEVICE_FAMILY = "1,2";
			};
			name = Debug;
		};
		FFCC2B731D96C32C00519E14 /* Release */ = {
			isa = XCBuildConfiguration;
			buildSettings = {
				ALWAYS_SEARCH_USER_PATHS = NO;
				CLANG_ANALYZER_NONNULL = YES;
				CLANG_CXX_LANGUAGE_STANDARD = "gnu++0x";
				CLANG_CXX_LIBRARY = "libc++";
				CLANG_ENABLE_MODULES = YES;
				CLANG_ENABLE_OBJC_ARC = YES;
				CLANG_WARN_BOOL_CONVERSION = YES;
				CLANG_WARN_CONSTANT_CONVERSION = YES;
				CLANG_WARN_DIRECT_OBJC_ISA_USAGE = YES_ERROR;
				CLANG_WARN_EMPTY_BODY = YES;
				CLANG_WARN_ENUM_CONVERSION = YES;
				CLANG_WARN_INT_CONVERSION = YES;
				CLANG_WARN_OBJC_ROOT_CLASS = YES_ERROR;
				CLANG_WARN_UNREACHABLE_CODE = YES;
				CLANG_WARN__DUPLICATE_METHOD_MATCH = YES;
				"CODE_SIGN_IDENTITY[sdk=iphoneos*]" = "iPhone Developer";
				COPY_PHASE_STRIP = NO;
				DEBUG_INFORMATION_FORMAT = "dwarf-with-dsym";
				ENABLE_NS_ASSERTIONS = NO;
				ENABLE_STRICT_OBJC_MSGSEND = YES;
				GCC_C_LANGUAGE_STANDARD = gnu99;
				GCC_NO_COMMON_BLOCKS = YES;
				GCC_PREFIX_HEADER = /Users/ml/Loading/LBWPrefixHeader.pch;
				GCC_WARN_64_TO_32_BIT_CONVERSION = YES;
				GCC_WARN_ABOUT_RETURN_TYPE = YES_ERROR;
				GCC_WARN_UNDECLARED_SELECTOR = YES;
				GCC_WARN_UNINITIALIZED_AUTOS = YES_AGGRESSIVE;
				GCC_WARN_UNUSED_FUNCTION = YES;
				GCC_WARN_UNUSED_VARIABLE = YES;
				IPHONEOS_DEPLOYMENT_TARGET = 9.3;
				MTL_ENABLE_DEBUG_INFO = NO;
				SDKROOT = iphoneos;
				TARGETED_DEVICE_FAMILY = "1,2";
				VALIDATE_PRODUCT = YES;
			};
			name = Release;
		};
		FFCC2B751D96C32C00519E14 /* Debug */ = {
			isa = XCBuildConfiguration;
			buildSettings = {
				ASSETCATALOG_COMPILER_APPICON_NAME = AppIcon;
				GCC_PREFIX_HEADER = /Users/ml/Loading/LBWPrefixHeader.pch;
				INFOPLIST_FILE = Loading/Info.plist;
				IPHONEOS_DEPLOYMENT_TARGET = 8.0;
				LD_RUNPATH_SEARCH_PATHS = "$(inherited) @executable_path/Frameworks";
				PRODUCT_BUNDLE_IDENTIFIER = com.talent.lee.Loading;
				PRODUCT_NAME = "$(TARGET_NAME)";
			};
			name = Debug;
		};
		FFCC2B761D96C32C00519E14 /* Release */ = {
			isa = XCBuildConfiguration;
			buildSettings = {
				ASSETCATALOG_COMPILER_APPICON_NAME = AppIcon;
				GCC_PREFIX_HEADER = /Users/ml/Loading/LBWPrefixHeader.pch;
				INFOPLIST_FILE = Loading/Info.plist;
				IPHONEOS_DEPLOYMENT_TARGET = 8.0;
				LD_RUNPATH_SEARCH_PATHS = "$(inherited) @executable_path/Frameworks";
				PRODUCT_BUNDLE_IDENTIFIER = com.talent.lee.Loading;
				PRODUCT_NAME = "$(TARGET_NAME)";
			};
			name = Release;
		};
		FFCC2B781D96C32C00519E14 /* Debug */ = {
			isa = XCBuildConfiguration;
			buildSettings = {
				BUNDLE_LOADER = "$(TEST_HOST)";
				INFOPLIST_FILE = LoadingTests/Info.plist;
				LD_RUNPATH_SEARCH_PATHS = "$(inherited) @executable_path/Frameworks @loader_path/Frameworks";
				PRODUCT_BUNDLE_IDENTIFIER = com.talent.lee.LoadingTests;
				PRODUCT_NAME = "$(TARGET_NAME)";
				TEST_HOST = "$(BUILT_PRODUCTS_DIR)/Loading.app/Loading";
			};
			name = Debug;
		};
		FFCC2B791D96C32C00519E14 /* Release */ = {
			isa = XCBuildConfiguration;
			buildSettings = {
				BUNDLE_LOADER = "$(TEST_HOST)";
				INFOPLIST_FILE = LoadingTests/Info.plist;
				LD_RUNPATH_SEARCH_PATHS = "$(inherited) @executable_path/Frameworks @loader_path/Frameworks";
				PRODUCT_BUNDLE_IDENTIFIER = com.talent.lee.LoadingTests;
				PRODUCT_NAME = "$(TARGET_NAME)";
				TEST_HOST = "$(BUILT_PRODUCTS_DIR)/Loading.app/Loading";
			};
			name = Release;
		};
		FFCC2B7B1D96C32C00519E14 /* Debug */ = {
			isa = XCBuildConfiguration;
			buildSettings = {
				INFOPLIST_FILE = LoadingUITests/Info.plist;
				LD_RUNPATH_SEARCH_PATHS = "$(inherited) @executable_path/Frameworks @loader_path/Frameworks";
				PRODUCT_BUNDLE_IDENTIFIER = com.talent.lee.LoadingUITests;
				PRODUCT_NAME = "$(TARGET_NAME)";
				TEST_TARGET_NAME = Loading;
			};
			name = Debug;
		};
		FFCC2B7C1D96C32C00519E14 /* Release */ = {
			isa = XCBuildConfiguration;
			buildSettings = {
				INFOPLIST_FILE = LoadingUITests/Info.plist;
				LD_RUNPATH_SEARCH_PATHS = "$(inherited) @executable_path/Frameworks @loader_path/Frameworks";
				PRODUCT_BUNDLE_IDENTIFIER = com.talent.lee.LoadingUITests;
				PRODUCT_NAME = "$(TARGET_NAME)";
				TEST_TARGET_NAME = Loading;
			};
			name = Release;
		};
/* End XCBuildConfiguration section */

/* Begin XCConfigurationList section */
		FFCC2B3F1D96C32B00519E14 /* Build configuration list for PBXProject "Loading" */ = {
			isa = XCConfigurationList;
			buildConfigurations = (
				FFCC2B721D96C32C00519E14 /* Debug */,
				FFCC2B731D96C32C00519E14 /* Release */,
			);
			defaultConfigurationIsVisible = 0;
			defaultConfigurationName = Release;
		};
		FFCC2B741D96C32C00519E14 /* Build configuration list for PBXNativeTarget "Loading" */ = {
			isa = XCConfigurationList;
			buildConfigurations = (
				FFCC2B751D96C32C00519E14 /* Debug */,
				FFCC2B761D96C32C00519E14 /* Release */,
			);
			defaultConfigurationIsVisible = 0;
			defaultConfigurationName = Release;
		};
		FFCC2B771D96C32C00519E14 /* Build configuration list for PBXNativeTarget "LoadingTests" */ = {
			isa = XCConfigurationList;
			buildConfigurations = (
				FFCC2B781D96C32C00519E14 /* Debug */,
				FFCC2B791D96C32C00519E14 /* Release */,
			);
			defaultConfigurationIsVisible = 0;
			defaultConfigurationName = Release;
		};
		FFCC2B7A1D96C32C00519E14 /* Build configuration list for PBXNativeTarget "LoadingUITests" */ = {
			isa = XCConfigurationList;
			buildConfigurations = (
				FFCC2B7B1D96C32C00519E14 /* Debug */,
				FFCC2B7C1D96C32C00519E14 /* Release */,
			);
			defaultConfigurationIsVisible = 0;
			defaultConfigurationName = Release;
		};
/* End XCConfigurationList section */

/* Begin XCVersionGroup section */
		FFCC2B531D96C32C00519E14 /* Loading.xcdatamodeld */ = {
			isa = XCVersionGroup;
			children = (
				FFCC2B541D96C32C00519E14 /* Loading.xcdatamodel */,
			);
			currentVersion = FFCC2B541D96C32C00519E14 /* Loading.xcdatamodel */;
			path = Loading.xcdatamodeld;
			sourceTree = "<group>";
			versionGroupType = wrapper.xcdatamodel;
		};
/* End XCVersionGroup section */
	};
	rootObject = FFCC2B3C1D96C32B00519E14 /* Project object */;
}
